
Microsoft Visual Studio Solution File, Format Version 12.00
# Visual Studio Version 17
VisualStudioVersion = 17.2.32630.192
MinimumVisualStudioVersion = 10.0.40219.1
Project("{9A19103F-16F7-4668-BE54-9A1E7A4F7556}") = "StudayAdonisUI", "StudayAdonisUI\StudayAdonisUI.csproj", "{EA0530C3-55E6-4CD1-8B93-FB3E82310C28}"
EndProject
Project("{2150E333-8FDC-42A3-9474-1A3956D46DE8}") = "HC", "HC", "{ADE1695F-7631-4E80-9FEA-147D81C5DA92}"
EndProject
Project("{9A19103F-16F7-4668-BE54-9A1E7A4F7556}") = "HandyControl220916", "HandyControl220916\HandyControl220916.csproj", "{7F70907A-73D7-4845-9CA7-017F29305C10}"
EndProject
Project("{2150E333-8FDC-42A3-9474-1A3956D46DE8}") = "Dropdown Menu", "Dropdown Menu", "{C112963C-A9FE-434C-88E0-4863175DC9E9}"
EndProject
Project("{9A19103F-16F7-4668-BE54-9A1E7A4F7556}") = "DropdownMenu", "DropdownMenu\DropdownMenu.csproj", "{7774AF89-6213-419B-BD36-7C478767DDBE}"
EndProject
Global
	GlobalSection(SolutionConfigurationPlatforms) = preSolution
		Debug|Any CPU = Debug|Any CPU
		Debug|ARM32 = Debug|ARM32
		Debug|ARM64 = Debug|ARM64
		Release|Any CPU = Release|Any CPU
		Release|ARM32 = Release|ARM32
		Release|ARM64 = Release|ARM64
		X64|Any CPU = X64|Any CPU
		X64|ARM32 = X64|ARM32
		X64|ARM64 = X64|ARM64
	EndGlobalSection
	GlobalSection(ProjectConfigurationPlatforms) = postSolution
		{EA0530C3-55E6-4CD1-8B93-FB3E82310C28}.Debug|Any CPU.ActiveCfg = Debug|Any CPU
		{EA0530C3-55E6-4CD1-8B93-FB3E82310C28}.Debug|Any CPU.Build.0 = Debug|Any CPU
		{EA0530C3-55E6-4CD1-8B93-FB3E82310C28}.Debug|ARM32.ActiveCfg = Debug|ARM32
		{EA0530C3-55E6-4CD1-8B93-FB3E82310C28}.Debug|ARM32.Build.0 = Debug|ARM32
		{EA0530C3-55E6-4CD1-8B93-FB3E82310C28}.Debug|ARM64.ActiveCfg = Debug|ARM64
		{EA0530C3-55E6-4CD1-8B93-FB3E82310C28}.Debug|ARM64.Build.0 = Debug|ARM64
		{EA0530C3-55E6-4CD1-8B93-FB3E82310C28}.Release|Any CPU.ActiveCfg = Release|Any CPU
		{EA0530C3-55E6-4CD1-8B93-FB3E82310C28}.Release|Any CPU.Build.0 = Release|Any CPU
		{EA0530C3-55E6-4CD1-8B93-FB3E82310C28}.Release|ARM32.ActiveCfg = Release|ARM32
		{EA0530C3-55E6-4CD1-8B93-FB3E82310C28}.Release|ARM32.Build.0 = Release|ARM32
		{EA0530C3-55E6-4CD1-8B93-FB3E82310C28}.Release|ARM64.ActiveCfg = Release|ARM64
		{EA0530C3-55E6-4CD1-8B93-FB3E82310C28}.Release|ARM64.Build.0 = Release|ARM64
		{EA0530C3-55E6-4CD1-8B93-FB3E82310C28}.X64|Any CPU.ActiveCfg = X64|Any CPU
		{EA0530C3-55E6-4CD1-8B93-FB3E82310C28}.X64|Any CPU.Build.0 = X64|Any CPU
		{EA0530C3-55E6-4CD1-8B93-FB3E82310C28}.X64|ARM32.ActiveCfg = X64|ARM32
		{EA0530C3-55E6-4CD1-8B93-FB3E82310C28}.X64|ARM32.Build.0 = X64|ARM32
		{EA0530C3-55E6-4CD1-8B93-FB3E82310C28}.X64|ARM64.ActiveCfg = X64|ARM64
		{EA0530C3-55E6-4CD1-8B93-FB3E82310C28}.X64|ARM64.Build.0 = X64|ARM64
		{7F70907A-73D7-4845-9CA7-017F29305C10}.Debug|Any CPU.ActiveCfg = Debug|Any CPU
		{7F70907A-73D7-4845-9CA7-017F29305C10}.Debug|Any CPU.Build.0 = Debug|Any CPU
		{7F70907A-73D7-4845-9CA7-017F29305C10}.Debug|ARM32.ActiveCfg = Debug|ARM32
		{7F70907A-73D7-4845-9CA7-017F29305C10}.Debug|ARM32.Build.0 = Debug|ARM32
		{7F70907A-73D7-4845-9CA7-017F29305C10}.Debug|ARM64.ActiveCfg = Debug|ARM64
		{7F70907A-73D7-4845-9CA7-017F29305C10}.Debug|ARM64.Build.0 = Debug|ARM64
		{7F70907A-73D7-4845-9CA7-017F29305C10}.Release|Any CPU.ActiveCfg = Release|Any CPU
		{7F70907A-73D7-4845-9CA7-017F29305C10}.Release|Any CPU.Build.0 = Release|Any CPU
		{7F70907A-73D7-4845-9CA7-017F29305C10}.Release|ARM32.ActiveCfg = Release|ARM32
		{7F70907A-73D7-4845-9CA7-017F29305C10}.Release|ARM32.Build.0 = Release|ARM32
		{7F70907A-73D7-4845-9CA7-017F29305C10}.Release|ARM64.ActiveCfg = Release|ARM64
		{7F70907A-73D7-4845-9CA7-017F29305C10}.Release|ARM64.Build.0 = Release|ARM64
		{7F70907A-73D7-4845-9CA7-017F29305C10}.X64|Any CPU.ActiveCfg = X64|Any CPU
		{7F70907A-73D7-4845-9CA7-017F29305C10}.X64|Any CPU.Build.0 = X64|Any CPU
		{7F70907A-73D7-4845-9CA7-017F29305C10}.X64|ARM32.ActiveCfg = X64|ARM32
		{7F70907A-73D7-4845-9CA7-017F29305C10}.X64|ARM32.Build.0 = X64|ARM32
		{7F70907A-73D7-4845-9CA7-017F29305C10}.X64|ARM64.ActiveCfg = X64|ARM64
		{7F70907A-73D7-4845-9CA7-017F29305C10}.X64|ARM64.Build.0 = X64|ARM64
		{7774AF89-6213-419B-BD36-7C478767DDBE}.Debug|Any CPU.ActiveCfg = Debug|Any CPU
		{7774AF89-6213-419B-BD36-7C478767DDBE}.Debug|Any CPU.Build.0 = Debug|Any CPU
		{7774AF89-6213-419B-BD36-7C478767DDBE}.Debug|ARM32.ActiveCfg = Debug|ARM32
		{7774AF89-6213-419B-BD36-7C478767DDBE}.Debug|ARM32.Build.0 = Debug|ARM32
		{7774AF89-6213-419B-BD36-7C478767DDBE}.Debug|ARM64.ActiveCfg = Debug|ARM64
		{7774AF89-6213-419B-BD36-7C478767DDBE}.Debug|ARM64.Build.0 = Debug|ARM64
		{7774AF89-6213-419B-BD36-7C478767DDBE}.Release|Any CPU.ActiveCfg = Release|Any CPU
		{7774AF89-6213-419B-BD36-7C478767DDBE}.Release|Any CPU.Build.0 = Release|Any CPU
		{7774AF89-6213-419B-BD36-7C478767DDBE}.Release|ARM32.ActiveCfg = Release|ARM32
		{7774AF89-6213-419B-BD36-7C478767DDBE}.Release|ARM32.Build.0 = Release|ARM32
		{7774AF89-6213-419B-BD36-7C478767DDBE}.Release|ARM64.ActiveCfg = Release|ARM64
		{7774AF89-6213-419B-BD36-7C478767DDBE}.Release|ARM64.Build.0 = Release|ARM64
		{7774AF89-6213-419B-BD36-7C478767DDBE}.X64|Any CPU.ActiveCfg = X64|Any CPU
		{7774AF89-6213-419B-BD36-7C478767DDBE}.X64|Any CPU.Build.0 = X64|Any CPU
		{7774AF89-6213-419B-BD36-7C478767DDBE}.X64|ARM32.ActiveCfg = X64|ARM32
		{7774AF89-6213-419B-BD36-7C478767DDBE}.X64|ARM32.Build.0 = X64|ARM32
		{7774AF89-6213-419B-BD36-7C478767DDBE}.X64|ARM64.ActiveCfg = X64|ARM64
		{7774AF89-6213-419B-BD36-7C478767DDBE}.X64|ARM64.Build.0 = X64|ARM64
	EndGlobalSection
	GlobalSection(SolutionProperties) = preSolution
		HideSolutionNode = FALSE
	EndGlobalSection
	GlobalSection(NestedProjects) = preSolution
		{7F70907A-73D7-4845-9CA7-017F29305C10} = {ADE1695F-7631-4E80-9FEA-147D81C5DA92}
		{7774AF89-6213-419B-BD36-7C478767DDBE} = {C112963C-A9FE-434C-88E0-4863175DC9E9}
	EndGlobalSection
	GlobalSection(ExtensibilityGlobals) = postSolution
		SolutionGuid = {74751D76-EBFF-4735-9809-A5E88E045D72}
	EndGlobalSection
EndGlobal
